// !$*UTF8*$!
{
	archiveVersion = 1;
	classes = {
	};
	objectVersion = 51;
	objects = {

/* Begin PBXBuildFile section */
		7E12617C24E4815900E51F4E /* CommentTableViewCell.swift in Sources */ = {isa = PBXBuildFile; fileRef = 7E12617A24E4815900E51F4E /* CommentTableViewCell.swift */; };
		7E12617D24E4815900E51F4E /* CommentTableViewCell.xib in Resources */ = {isa = PBXBuildFile; fileRef = 7E12617B24E4815900E51F4E /* CommentTableViewCell.xib */; };
		7E2699FF240C582E00FBF52E /* MovieDetailsViewController.swift in Sources */ = {isa = PBXBuildFile; fileRef = 7E2699FE240C582E00FBF52E /* MovieDetailsViewController.swift */; };
		7E9B0A6A2406EFF8002A5A12 /* MovieCollectionViewCell.swift in Sources */ = {isa = PBXBuildFile; fileRef = 7E9B0A682406EFF8002A5A12 /* MovieCollectionViewCell.swift */; };
		7E9B0A6B2406EFF8002A5A12 /* MovieCollectionViewCell.xib in Resources */ = {isa = PBXBuildFile; fileRef = 7E9B0A692406EFF8002A5A12 /* MovieCollectionViewCell.xib */; };
		A03F0F6A23D08DCE00508747 /* SignUpViewController.swift in Sources */ = {isa = PBXBuildFile; fileRef = A03F0F6923D08DCE00508747 /* SignUpViewController.swift */; };
		A03F0F6C23D08DE000508747 /* LoginViewController.swift in Sources */ = {isa = PBXBuildFile; fileRef = A03F0F6B23D08DE000508747 /* LoginViewController.swift */; };
		A03F0F6E23D08DF000508747 /* MoviesViewController.swift in Sources */ = {isa = PBXBuildFile; fileRef = A03F0F6D23D08DF000508747 /* MoviesViewController.swift */; };
		A045039C23CF0BFD00156DE0 /* AppDelegate.swift in Sources */ = {isa = PBXBuildFile; fileRef = A045039B23CF0BFD00156DE0 /* AppDelegate.swift */; };
		A045039E23CF0BFD00156DE0 /* SceneDelegate.swift in Sources */ = {isa = PBXBuildFile; fileRef = A045039D23CF0BFD00156DE0 /* SceneDelegate.swift */; };
		A04503A023CF0BFD00156DE0 /* ViewController.swift in Sources */ = {isa = PBXBuildFile; fileRef = A045039F23CF0BFD00156DE0 /* ViewController.swift */; };
		A04503A323CF0BFD00156DE0 /* Main.storyboard in Resources */ = {isa = PBXBuildFile; fileRef = A04503A123CF0BFD00156DE0 /* Main.storyboard */; };
		A04503A523CF0BFE00156DE0 /* Assets.xcassets in Resources */ = {isa = PBXBuildFile; fileRef = A04503A423CF0BFE00156DE0 /* Assets.xcassets */; };
		A04503A823CF0BFE00156DE0 /* LaunchScreen.storyboard in Resources */ = {isa = PBXBuildFile; fileRef = A04503A623CF0BFE00156DE0 /* LaunchScreen.storyboard */; };
		A04503B023CF10F400156DE0 /* GoogleService-Info.plist in Resources */ = {isa = PBXBuildFile; fileRef = A04503AF23CF10F400156DE0 /* GoogleService-Info.plist */; };
		A06DECAD23D4994200BE3C5E /* intro.mp4 in Resources */ = {isa = PBXBuildFile; fileRef = A06DECAC23D4994200BE3C5E /* intro.mp4 */; };
		A098F32023D5B20A0075E6F4 /* Corny.storyboard in Resources */ = {isa = PBXBuildFile; fileRef = A098F31F23D5B20A0075E6F4 /* Corny.storyboard */; };
		A09C4C0123D5E4BA00BFFB45 /* EditMovieViewController.swift in Sources */ = {isa = PBXBuildFile; fileRef = A09C4C0023D5E4BA00BFFB45 /* EditMovieViewController.swift */; };
		A09C4C0323D6FD7F00BFFB45 /* defaultMovie.jpg in Resources */ = {isa = PBXBuildFile; fileRef = A09C4C0223D6FD7F00BFFB45 /* defaultMovie.jpg */; };
		A0F7A83723D09CAB00FF3428 /* Constants.swift in Sources */ = {isa = PBXBuildFile; fileRef = A0F7A83523D09CAB00FF3428 /* Constants.swift */; };
		A0F7A83823D09CAB00FF3428 /* Utilities.swift in Sources */ = {isa = PBXBuildFile; fileRef = A0F7A83623D09CAB00FF3428 /* Utilities.swift */; };
		C27EC402A93C34B43F036F1A /* Pods_Corny.framework in Frameworks */ = {isa = PBXBuildFile; fileRef = 864C3D4E5E5A00AE53CF1C92 /* Pods_Corny.framework */; };
/* End PBXBuildFile section */

/* Begin PBXFileReference section */
		06F577A5EC83D867FCF8C254 /* Pods-Corny.release.xcconfig */ = {isa = PBXFileReference; includeInIndex = 1; lastKnownFileType = text.xcconfig; name = "Pods-Corny.release.xcconfig"; path = "Target Support Files/Pods-Corny/Pods-Corny.release.xcconfig"; sourceTree = "<group>"; };
		7E12617A24E4815900E51F4E /* CommentTableViewCell.swift */ = {isa = PBXFileReference; lastKnownFileType = sourcecode.swift; path = CommentTableViewCell.swift; sourceTree = "<group>"; };
		7E12617B24E4815900E51F4E /* CommentTableViewCell.xib */ = {isa = PBXFileReference; lastKnownFileType = file.xib; path = CommentTableViewCell.xib; sourceTree = "<group>"; };
		7E2699FE240C582E00FBF52E /* MovieDetailsViewController.swift */ = {isa = PBXFileReference; lastKnownFileType = sourcecode.swift; path = MovieDetailsViewController.swift; sourceTree = "<group>"; };
		7E9B0A682406EFF8002A5A12 /* MovieCollectionViewCell.swift */ = {isa = PBXFileReference; lastKnownFileType = sourcecode.swift; path = MovieCollectionViewCell.swift; sourceTree = "<group>"; };
		7E9B0A692406EFF8002A5A12 /* MovieCollectionViewCell.xib */ = {isa = PBXFileReference; lastKnownFileType = file.xib; path = MovieCollectionViewCell.xib; sourceTree = "<group>"; };
		864C3D4E5E5A00AE53CF1C92 /* Pods_Corny.framework */ = {isa = PBXFileReference; explicitFileType = wrapper.framework; includeInIndex = 0; path = Pods_Corny.framework; sourceTree = BUILT_PRODUCTS_DIR; };
		A03F0F6923D08DCE00508747 /* SignUpViewController.swift */ = {isa = PBXFileReference; lastKnownFileType = sourcecode.swift; path = SignUpViewController.swift; sourceTree = "<group>"; };
		A03F0F6B23D08DE000508747 /* LoginViewController.swift */ = {isa = PBXFileReference; lastKnownFileType = sourcecode.swift; path = LoginViewController.swift; sourceTree = "<group>"; };
		A03F0F6D23D08DF000508747 /* MoviesViewController.swift */ = {isa = PBXFileReference; lastKnownFileType = sourcecode.swift; path = MoviesViewController.swift; sourceTree = "<group>"; };
		A045039823CF0BFD00156DE0 /* Corny.app */ = {isa = PBXFileReference; explicitFileType = wrapper.application; includeInIndex = 0; path = Corny.app; sourceTree = BUILT_PRODUCTS_DIR; };
		A045039B23CF0BFD00156DE0 /* AppDelegate.swift */ = {isa = PBXFileReference; lastKnownFileType = sourcecode.swift; path = AppDelegate.swift; sourceTree = "<group>"; };
		A045039D23CF0BFD00156DE0 /* SceneDelegate.swift */ = {isa = PBXFileReference; lastKnownFileType = sourcecode.swift; path = SceneDelegate.swift; sourceTree = "<group>"; };
		A045039F23CF0BFD00156DE0 /* ViewController.swift */ = {isa = PBXFileReference; lastKnownFileType = sourcecode.swift; path = ViewController.swift; sourceTree = "<group>"; };
		A04503A223CF0BFD00156DE0 /* Base */ = {isa = PBXFileReference; lastKnownFileType = file.storyboard; name = Base; path = Base.lproj/Main.storyboard; sourceTree = "<group>"; };
		A04503A423CF0BFE00156DE0 /* Assets.xcassets */ = {isa = PBXFileReference; lastKnownFileType = folder.assetcatalog; path = Assets.xcassets; sourceTree = "<group>"; };
		A04503A723CF0BFE00156DE0 /* Base */ = {isa = PBXFileReference; lastKnownFileType = file.storyboard; name = Base; path = Base.lproj/LaunchScreen.storyboard; sourceTree = "<group>"; };
		A04503A923CF0BFE00156DE0 /* Info.plist */ = {isa = PBXFileReference; lastKnownFileType = text.plist.xml; path = Info.plist; sourceTree = "<group>"; };
		A04503AF23CF10F400156DE0 /* GoogleService-Info.plist */ = {isa = PBXFileReference; fileEncoding = 4; lastKnownFileType = text.plist.xml; path = "GoogleService-Info.plist"; sourceTree = "<group>"; };
		A06DECAC23D4994200BE3C5E /* intro.mp4 */ = {isa = PBXFileReference; lastKnownFileType = file; path = intro.mp4; sourceTree = "<group>"; };
		A098F31F23D5B20A0075E6F4 /* Corny.storyboard */ = {isa = PBXFileReference; lastKnownFileType = file.storyboard; path = Corny.storyboard; sourceTree = "<group>"; };
		A09C4C0023D5E4BA00BFFB45 /* EditMovieViewController.swift */ = {isa = PBXFileReference; lastKnownFileType = sourcecode.swift; path = EditMovieViewController.swift; sourceTree = "<group>"; };
		A09C4C0223D6FD7F00BFFB45 /* defaultMovie.jpg */ = {isa = PBXFileReference; lastKnownFileType = image.jpeg; path = defaultMovie.jpg; sourceTree = "<group>"; };
		A0F7A83523D09CAB00FF3428 /* Constants.swift */ = {isa = PBXFileReference; fileEncoding = 4; lastKnownFileType = sourcecode.swift; path = Constants.swift; sourceTree = "<group>"; };
		A0F7A83623D09CAB00FF3428 /* Utilities.swift */ = {isa = PBXFileReference; fileEncoding = 4; lastKnownFileType = sourcecode.swift; path = Utilities.swift; sourceTree = "<group>"; };
		BA24C52458231CE6B7C7876A /* Pods-Corny.debug.xcconfig */ = {isa = PBXFileReference; includeInIndex = 1; lastKnownFileType = text.xcconfig; name = "Pods-Corny.debug.xcconfig"; path = "Target Support Files/Pods-Corny/Pods-Corny.debug.xcconfig"; sourceTree = "<group>"; };
/* End PBXFileReference section */

/* Begin PBXFrameworksBuildPhase section */
		A045039523CF0BFD00156DE0 /* Frameworks */ = {
			isa = PBXFrameworksBuildPhase;
			buildActionMask = 2147483647;
			files = (
				C27EC402A93C34B43F036F1A /* Pods_Corny.framework in Frameworks */,
			);
			runOnlyForDeploymentPostprocessing = 0;
		};
/* End PBXFrameworksBuildPhase section */

/* Begin PBXGroup section */
		5CE0CC1276584F876C5CABB9 /* Frameworks */ = {
			isa = PBXGroup;
			children = (
				864C3D4E5E5A00AE53CF1C92 /* Pods_Corny.framework */,
			);
			name = Frameworks;
			sourceTree = "<group>";
		};
		A03F0F6F23D08E0E00508747 /* ViewControllers */ = {
			isa = PBXGroup;
			children = (
				A03F0F6923D08DCE00508747 /* SignUpViewController.swift */,
				A03F0F6B23D08DE000508747 /* LoginViewController.swift */,
				A03F0F6D23D08DF000508747 /* MoviesViewController.swift */,
				A045039F23CF0BFD00156DE0 /* ViewController.swift */,
				A09C4C0023D5E4BA00BFFB45 /* EditMovieViewController.swift */,
				7E9B0A682406EFF8002A5A12 /* MovieCollectionViewCell.swift */,
				7E2699FE240C582E00FBF52E /* MovieDetailsViewController.swift */,
				7E12617A24E4815900E51F4E /* CommentTableViewCell.swift */,
			);
			path = ViewControllers;
			sourceTree = "<group>";
		};
		A045038F23CF0BFD00156DE0 = {
			isa = PBXGroup;
			children = (
				A045039A23CF0BFD00156DE0 /* Corny */,
				A045039923CF0BFD00156DE0 /* Products */,
				F534D3DD7D4579265C07CDF3 /* Pods */,
				5CE0CC1276584F876C5CABB9 /* Frameworks */,
			);
			sourceTree = "<group>";
		};
		A045039923CF0BFD00156DE0 /* Products */ = {
			isa = PBXGroup;
			children = (
				A045039823CF0BFD00156DE0 /* Corny.app */,
			);
			name = Products;
			sourceTree = "<group>";
		};
		A045039A23CF0BFD00156DE0 /* Corny */ = {
			isa = PBXGroup;
			children = (
				A045039B23CF0BFD00156DE0 /* AppDelegate.swift */,
				A045039D23CF0BFD00156DE0 /* SceneDelegate.swift */,
				A0F7A83423D09CAB00FF3428 /* Helpers */,
				A03F0F6F23D08E0E00508747 /* ViewControllers */,
				A098F31E23D5B1730075E6F4 /* Stroyboards */,
				A0F324F123D459F100CC26B2 /* Media */,
				A04503A423CF0BFE00156DE0 /* Assets.xcassets */,
				A04503A623CF0BFE00156DE0 /* LaunchScreen.storyboard */,
				A04503A923CF0BFE00156DE0 /* Info.plist */,
				A04503AF23CF10F400156DE0 /* GoogleService-Info.plist */,
			);
			path = Corny;
			sourceTree = "<group>";
		};
		A098F31E23D5B1730075E6F4 /* Stroyboards */ = {
			isa = PBXGroup;
			children = (
				7E12617B24E4815900E51F4E /* CommentTableViewCell.xib */,
				7E9B0A692406EFF8002A5A12 /* MovieCollectionViewCell.xib */,
				A04503A123CF0BFD00156DE0 /* Main.storyboard */,
				A098F31F23D5B20A0075E6F4 /* Corny.storyboard */,
			);
			path = Stroyboards;
			sourceTree = "<group>";
		};
		A0F324F123D459F100CC26B2 /* Media */ = {
			isa = PBXGroup;
			children = (
				A09C4C0223D6FD7F00BFFB45 /* defaultMovie.jpg */,
				A06DECAC23D4994200BE3C5E /* intro.mp4 */,
			);
			path = Media;
			sourceTree = "<group>";
		};
		A0F7A83423D09CAB00FF3428 /* Helpers */ = {
			isa = PBXGroup;
			children = (
				A0F7A83523D09CAB00FF3428 /* Constants.swift */,
				A0F7A83623D09CAB00FF3428 /* Utilities.swift */,
			);
			path = Helpers;
			sourceTree = "<group>";
		};
		F534D3DD7D4579265C07CDF3 /* Pods */ = {
			isa = PBXGroup;
			children = (
				BA24C52458231CE6B7C7876A /* Pods-Corny.debug.xcconfig */,
				06F577A5EC83D867FCF8C254 /* Pods-Corny.release.xcconfig */,
			);
			path = Pods;
			sourceTree = "<group>";
		};
/* End PBXGroup section */

/* Begin PBXNativeTarget section */
		A045039723CF0BFD00156DE0 /* Corny */ = {
			isa = PBXNativeTarget;
			buildConfigurationList = A04503AC23CF0BFE00156DE0 /* Build configuration list for PBXNativeTarget "Corny" */;
			buildPhases = (
				F9371A0DDC54AF599F1CCB80 /* [CP] Check Pods Manifest.lock */,
				A045039423CF0BFD00156DE0 /* Sources */,
				A045039523CF0BFD00156DE0 /* Frameworks */,
				A045039623CF0BFD00156DE0 /* Resources */,
				402B7D6B1D0CB81D334DA72D /* [CP] Embed Pods Frameworks */,
			);
			buildRules = (
			);
			dependencies = (
			);
			name = Corny;
			productName = Corny;
			productReference = A045039823CF0BFD00156DE0 /* Corny.app */;
			productType = "com.apple.product-type.application";
		};
/* End PBXNativeTarget section */

/* Begin PBXProject section */
		A045039023CF0BFD00156DE0 /* Project object */ = {
			isa = PBXProject;
			attributes = {
				LastSwiftUpdateCheck = 1130;
				LastUpgradeCheck = 1130;
				ORGANIZATIONNAME = "ofek aziel";
				TargetAttributes = {
					A045039723CF0BFD00156DE0 = {
						CreatedOnToolsVersion = 11.3.1;
					};
				};
			};
			buildConfigurationList = A045039323CF0BFD00156DE0 /* Build configuration list for PBXProject "Corny" */;
			compatibilityVersion = "Xcode 9.3";
			developmentRegion = en;
			hasScannedForEncodings = 0;
			knownRegions = (
				en,
				Base,
			);
			mainGroup = A045038F23CF0BFD00156DE0;
			productRefGroup = A045039923CF0BFD00156DE0 /* Products */;
			projectDirPath = "";
			projectRoot = "";
			targets = (
				A045039723CF0BFD00156DE0 /* Corny */,
			);
		};
/* End PBXProject section */

/* Begin PBXResourcesBuildPhase section */
		A045039623CF0BFD00156DE0 /* Resources */ = {
			isa = PBXResourcesBuildPhase;
			buildActionMask = 2147483647;
			files = (
				A06DECAD23D4994200BE3C5E /* intro.mp4 in Resources */,
				A04503A823CF0BFE00156DE0 /* LaunchScreen.storyboard in Resources */,
				A04503B023CF10F400156DE0 /* GoogleService-Info.plist in Resources */,
				7E9B0A6B2406EFF8002A5A12 /* MovieCollectionViewCell.xib in Resources */,
				A04503A523CF0BFE00156DE0 /* Assets.xcassets in Resources */,
				A098F32023D5B20A0075E6F4 /* Corny.storyboard in Resources */,
				A04503A323CF0BFD00156DE0 /* Main.storyboard in Resources */,
				7E12617D24E4815900E51F4E /* CommentTableViewCell.xib in Resources */,
				A09C4C0323D6FD7F00BFFB45 /* defaultMovie.jpg in Resources */,
			);
			runOnlyForDeploymentPostprocessing = 0;
		};
/* End PBXResourcesBuildPhase section */

/* Begin PBXShellScriptBuildPhase section */
		402B7D6B1D0CB81D334DA72D /* [CP] Embed Pods Frameworks */ = {
			isa = PBXShellScriptBuildPhase;
			buildActionMask = 2147483647;
			files = (
			);
			inputFileListPaths = (
				"${PODS_ROOT}/Target Support Files/Pods-Corny/Pods-Corny-frameworks-${CONFIGURATION}-input-files.xcfilelist",
			);
			name = "[CP] Embed Pods Frameworks";
			outputFileListPaths = (
				"${PODS_ROOT}/Target Support Files/Pods-Corny/Pods-Corny-frameworks-${CONFIGURATION}-output-files.xcfilelist",
			);
			runOnlyForDeploymentPostprocessing = 0;
			shellPath = /bin/sh;
			shellScript = "\"${PODS_ROOT}/Target Support Files/Pods-Corny/Pods-Corny-frameworks.sh\"\n";
			showEnvVarsInLog = 0;
		};
		F9371A0DDC54AF599F1CCB80 /* [CP] Check Pods Manifest.lock */ = {
			isa = PBXShellScriptBuildPhase;
			buildActionMask = 2147483647;
			files = (
			);
			inputFileListPaths = (
			);
			inputPaths = (
				"${PODS_PODFILE_DIR_PATH}/Podfile.lock",
				"${PODS_ROOT}/Manifest.lock",
			);
			name = "[CP] Check Pods Manifest.lock";
			outputFileListPaths = (
			);
			outputPaths = (
				"$(DERIVED_FILE_DIR)/Pods-Corny-checkManifestLockResult.txt",
			);
			runOnlyForDeploymentPostprocessing = 0;
			shellPath = /bin/sh;
			shellScript = "diff \"${PODS_PODFILE_DIR_PATH}/Podfile.lock\" \"${PODS_ROOT}/Manifest.lock\" > /dev/null\nif [ $? != 0 ] ; then\n    # print error to STDERR\n    echo \"error: The sandbox is not in sync with the Podfile.lock. Run 'pod install' or update your CocoaPods installation.\" >&2\n    exit 1\nfi\n# This output is used by Xcode 'outputs' to avoid re-running this script phase.\necho \"SUCCESS\" > \"${SCRIPT_OUTPUT_FILE_0}\"\n";
			showEnvVarsInLog = 0;
		};
/* End PBXShellScriptBuildPhase section */

/* Begin PBXSourcesBuildPhase section */
		A045039423CF0BFD00156DE0 /* Sources */ = {
			isa = PBXSourcesBuildPhase;
			buildActionMask = 2147483647;
			files = (
				A04503A023CF0BFD00156DE0 /* ViewController.swift in Sources */,
				A045039C23CF0BFD00156DE0 /* AppDelegate.swift in Sources */,
				A03F0F6A23D08DCE00508747 /* SignUpViewController.swift in Sources */,
				A03F0F6C23D08DE000508747 /* LoginViewController.swift in Sources */,
				A0F7A83723D09CAB00FF3428 /* Constants.swift in Sources */,
				7E2699FF240C582E00FBF52E /* MovieDetailsViewController.swift in Sources */,
				A045039E23CF0BFD00156DE0 /* SceneDelegate.swift in Sources */,
				7E12617C24E4815900E51F4E /* CommentTableViewCell.swift in Sources */,
				A09C4C0123D5E4BA00BFFB45 /* EditMovieViewController.swift in Sources */,
				7E9B0A6A2406EFF8002A5A12 /* MovieCollectionViewCell.swift in Sources */,
				A0F7A83823D09CAB00FF3428 /* Utilities.swift in Sources */,
				A03F0F6E23D08DF000508747 /* MoviesViewController.swift in Sources */,
			);
			runOnlyForDeploymentPostprocessing = 0;
		};
/* End PBXSourcesBuildPhase section */

/* Begin PBXVariantGroup section */
		A04503A123CF0BFD00156DE0 /* Main.storyboard */ = {
			isa = PBXVariantGroup;
			children = (
				A04503A223CF0BFD00156DE0 /* Base */,
			);
			name = Main.storyboard;
			sourceTree = "<group>";
		};
		A04503A623CF0BFE00156DE0 /* LaunchScreen.storyboard */ = {
			isa = PBXVariantGroup;
			children = (
				A04503A723CF0BFE00156DE0 /* Base */,
			);
			name = LaunchScreen.storyboard;
			sourceTree = "<group>";
		};
/* End PBXVariantGroup section */

/* Begin XCBuildConfiguration section */
		A04503AA23CF0BFE00156DE0 /* Debug */ = {
			isa = XCBuildConfiguration;
			buildSettings = {
				ALWAYS_SEARCH_USER_PATHS = NO;
				CLANG_ANALYZER_NONNULL = YES;
				CLANG_ANALYZER_NUMBER_OBJECT_CONVERSION = YES_AGGRESSIVE;
				CLANG_CXX_LANGUAGE_STANDARD = "gnu++14";
				CLANG_CXX_LIBRARY = "libc++";
				CLANG_ENABLE_MODULES = YES;
				CLANG_ENABLE_OBJC_ARC = YES;
				CLANG_ENABLE_OBJC_WEAK = YES;
				CLANG_WARN_BLOCK_CAPTURE_AUTORELEASING = YES;
				CLANG_WARN_BOOL_CONVERSION = YES;
				CLANG_WARN_COMMA = YES;
				CLANG_WARN_CONSTANT_CONVERSION = YES;
				CLANG_WARN_DEPRECATED_OBJC_IMPLEMENTATIONS = YES;
				CLANG_WARN_DIRECT_OBJC_ISA_USAGE = YES_ERROR;
				CLANG_WARN_DOCUMENTATION_COMMENTS = YES;
				CLANG_WARN_EMPTY_BODY = YES;
				CLANG_WARN_ENUM_CONVERSION = YES;
				CLANG_WARN_INFINITE_RECURSION = YES;
				CLANG_WARN_INT_CONVERSION = YES;
				CLANG_WARN_NON_LITERAL_NULL_CONVERSION = YES;
				CLANG_WARN_OBJC_IMPLICIT_RETAIN_SELF = YES;
				CLANG_WARN_OBJC_LITERAL_CONVERSION = YES;
				CLANG_WARN_OBJC_ROOT_CLASS = YES_ERROR;
				CLANG_WARN_RANGE_LOOP_ANALYSIS = YES;
				CLANG_WARN_STRICT_PROTOTYPES = YES;
				CLANG_WARN_SUSPICIOUS_MOVE = YES;
				CLANG_WARN_UNGUARDED_AVAILABILITY = YES_AGGRESSIVE;
				CLANG_WARN_UNREACHABLE_CODE = YES;
				CLANG_WARN__DUPLICATE_METHOD_MATCH = YES;
				COPY_PHASE_STRIP = NO;
				DEBUG_INFORMATION_FORMAT = dwarf;
				ENABLE_STRICT_OBJC_MSGSEND = YES;
				ENABLE_TESTABILITY = YES;
				GCC_C_LANGUAGE_STANDARD = gnu11;
				GCC_DYNAMIC_NO_PIC = NO;
				GCC_NO_COMMON_BLOCKS = YES;
				GCC_OPTIMIZATION_LEVEL = 0;
				GCC_PREPROCESSOR_DEFINITIONS = (
					"DEBUG=1",
					"$(inherited)",
				);
				GCC_WARN_64_TO_32_BIT_CONVERSION = YES;
				GCC_WARN_ABOUT_RETURN_TYPE = YES_ERROR;
				GCC_WARN_UNDECLARED_SELECTOR = YES;
				GCC_WARN_UNINITIALIZED_AUTOS = YES_AGGRESSIVE;
				GCC_WARN_UNUSED_FUNCTION = YES;
				GCC_WARN_UNUSED_VARIABLE = YES;
				IPHONEOS_DEPLOYMENT_TARGET = 13.2;
				MTL_ENABLE_DEBUG_INFO = INCLUDE_SOURCE;
				MTL_FAST_MATH = YES;
				ONLY_ACTIVE_ARCH = YES;
				SDKROOT = iphoneos;
				SWIFT_ACTIVE_COMPILATION_CONDITIONS = DEBUG;
				SWIFT_OPTIMIZATION_LEVEL = "-Onone";
			};
			name = Debug;
		};
		A04503AB23CF0BFE00156DE0 /* Release */ = {
			isa = XCBuildConfiguration;
			buildSettings = {
				ALWAYS_SEARCH_USER_PATHS = NO;
				CLANG_ANALYZER_NONNULL = YES;
				CLANG_ANALYZER_NUMBER_OBJECT_CONVERSION = YES_AGGRESSIVE;
				CLANG_CXX_LANGUAGE_STANDARD = "gnu++14";
				CLANG_CXX_LIBRARY = "libc++";
				CLANG_ENABLE_MODULES = YES;
				CLANG_ENABLE_OBJC_ARC = YES;
				CLANG_ENABLE_OBJC_WEAK = YES;
				CLANG_WARN_BLOCK_CAPTURE_AUTORELEASING = YES;
				CLANG_WARN_BOOL_CONVERSION = YES;
				CLANG_WARN_COMMA = YES;
				CLANG_WARN_CONSTANT_CONVERSION = YES;
				CLANG_WARN_DEPRECATED_OBJC_IMPLEMENTATIONS = YES;
				CLANG_WARN_DIRECT_OBJC_ISA_USAGE = YES_ERROR;
				CLANG_WARN_DOCUMENTATION_COMMENTS = YES;
				CLANG_WARN_EMPTY_BODY = YES;
				CLANG_WARN_ENUM_CONVERSION = YES;
				CLANG_WARN_INFINITE_RECURSION = YES;
				CLANG_WARN_INT_CONVERSION = YES;
				CLANG_WARN_NON_LITERAL_NULL_CONVERSION = YES;
				CLANG_WARN_OBJC_IMPLICIT_RETAIN_SELF = YES;
				CLANG_WARN_OBJC_LITERAL_CONVERSION = YES;
				CLANG_WARN_OBJC_ROOT_CLASS = YES_ERROR;
				CLANG_WARN_RANGE_LOOP_ANALYSIS = YES;
				CLANG_WARN_STRICT_PROTOTYPES = YES;
				CLANG_WARN_SUSPICIOUS_MOVE = YES;
				CLANG_WARN_UNGUARDED_AVAILABILITY = YES_AGGRESSIVE;
				CLANG_WARN_UNREACHABLE_CODE = YES;
				CLANG_WARN__DUPLICATE_METHOD_MATCH = YES;
				COPY_PHASE_STRIP = NO;
				DEBUG_INFORMATION_FORMAT = "dwarf-with-dsym";
				ENABLE_NS_ASSERTIONS = NO;
				ENABLE_STRICT_OBJC_MSGSEND = YES;
				GCC_C_LANGUAGE_STANDARD = gnu11;
				GCC_NO_COMMON_BLOCKS = YES;
				GCC_WARN_64_TO_32_BIT_CONVERSION = YES;
				GCC_WARN_ABOUT_RETURN_TYPE = YES_ERROR;
				GCC_WARN_UNDECLARED_SELECTOR = YES;
				GCC_WARN_UNINITIALIZED_AUTOS = YES_AGGRESSIVE;
				GCC_WARN_UNUSED_FUNCTION = YES;
				GCC_WARN_UNUSED_VARIABLE = YES;
				IPHONEOS_DEPLOYMENT_TARGET = 13.2;
				MTL_ENABLE_DEBUG_INFO = NO;
				MTL_FAST_MATH = YES;
				SDKROOT = iphoneos;
				SWIFT_COMPILATION_MODE = wholemodule;
				SWIFT_OPTIMIZATION_LEVEL = "-O";
				VALIDATE_PRODUCT = YES;
			};
			name = Release;
		};
		A04503AD23CF0BFE00156DE0 /* Debug */ = {
			isa = XCBuildConfiguration;
			baseConfigurationReference = BA24C52458231CE6B7C7876A /* Pods-Corny.debug.xcconfig */;
			buildSettings = {
				ASSETCATALOG_COMPILER_APPICON_NAME = AppIcon;
				CODE_SIGN_STYLE = Automatic;
				DEVELOPMENT_TEAM = 55UFKU2342;
				INFOPLIST_FILE = Corny/Info.plist;
				LD_RUNPATH_SEARCH_PATHS = (
					"$(inherited)",
					"@executable_path/Frameworks",
				);
				PRODUCT_BUNDLE_IDENTIFIER = com.OfekAziel.Corny;
				PRODUCT_NAME = "$(TARGET_NAME)";
				SWIFT_VERSION = 5.0;
				TARGETED_DEVICE_FAMILY = "1,2";
			};
			name = Debug;
		};
		A04503AE23CF0BFE00156DE0 /* Release */ = {
			isa = XCBuildConfiguration;
			baseConfigurationReference = 06F577A5EC83D867FCF8C254 /* Pods-Corny.release.xcconfig */;
			buildSettings = {
				ASSETCATALOG_COMPILER_APPICON_NAME = AppIcon;
				CODE_SIGN_STYLE = Automatic;
				DEVELOPMENT_TEAM = 55UFKU2342;
				INFOPLIST_FILE = Corny/Info.plist;
				LD_RUNPATH_SEARCH_PATHS = (
					"$(inherited)",
					"@executable_path/Frameworks",
				);
				PRODUCT_BUNDLE_IDENTIFIER = com.OfekAziel.Corny;
				PRODUCT_NAME = "$(TARGET_NAME)";
				SWIFT_VERSION = 5.0;
				TARGETED_DEVICE_FAMILY = "1,2";
			};
			name = Release;
		};
/* End XCBuildConfiguration section */

/* Begin XCConfigurationList section */
		A045039323CF0BFD00156DE0 /* Build configuration list for PBXProject "Corny" */ = {
			isa = XCConfigurationList;
			buildConfigurations = (
				A04503AA23CF0BFE00156DE0 /* Debug */,
				A04503AB23CF0BFE00156DE0 /* Release */,
			);
			defaultConfigurationIsVisible = 0;
			defaultConfigurationName = Release;
		};
		A04503AC23CF0BFE00156DE0 /* Build configuration list for PBXNativeTarget "Corny" */ = {
			isa = XCConfigurationList;
			buildConfigurations = (
				A04503AD23CF0BFE00156DE0 /* Debug */,
				A04503AE23CF0BFE00156DE0 /* Release */,
			);
			defaultConfigurationIsVisible = 0;
			defaultConfigurationName = Release;
		};
/* End XCConfigurationList section */
	};
	rootObject = A045039023CF0BFD00156DE0 /* Project object */;
}
